
Microsoft Visual Studio Solution File, Format Version 12.00
# Visual Studio 14
VisualStudioVersion = 14.0.23107.0
MinimumVisualStudioVersion = 10.0.40219.1
Project("{FAE04EC0-301F-11D3-BF4B-00C04F79EFBC}") = "DictionaryApplication", "DictionaryApplication\DictionaryApplication.csproj", "{669C2140-F35F-4049-8F59-E1E90093FCEE}"
EndProject
Project("{FAE04EC0-301F-11D3-BF4B-00C04F79EFBC}") = "DictionaryApplicationTests", "DictionaryApplicationTests\DictionaryApplicationTests.csproj", "{9C2E6971-BB7F-4310-9687-CDE2091D14A5}"
EndProject
Global
	GlobalSection(SolutionConfigurationPlatforms) = preSolution
		Debug|Any CPU = Debug|Any CPU
		Release|Any CPU = Release|Any CPU
	EndGlobalSection
	GlobalSection(ProjectConfigurationPlatforms) = postSolution
		{669C2140-F35F-4049-8F59-E1E90093FCEE}.Debug|Any CPU.ActiveCfg = Debug|Any CPU
		{669C2140-F35F-4049-8F59-E1E90093FCEE}.Debug|Any CPU.Build.0 = Debug|Any CPU
		{669C2140-F35F-4049-8F59-E1E90093FCEE}.Release|Any CPU.ActiveCfg = Release|Any CPU
		{669C2140-F35F-4049-8F59-E1E90093FCEE}.Release|Any CPU.Build.0 = Release|Any CPU
		{9C2E6971-BB7F-4310-9687-CDE2091D14A5}.Debug|Any CPU.ActiveCfg = Debug|Any CPU
		{9C2E6971-BB7F-4310-9687-CDE2091D14A5}.Debug|Any CPU.Build.0 = Debug|Any CPU
		{9C2E6971-BB7F-4310-9687-CDE2091D14A5}.Release|Any CPU.ActiveCfg = Release|Any CPU
		{9C2E6971-BB7F-4310-9687-CDE2091D14A5}.Release|Any CPU.Build.0 = Release|Any CPU
	EndGlobalSection
	GlobalSection(SolutionProperties) = preSolution
		HideSolutionNode = FALSE
	EndGlobalSection
EndGlobal
