
Microsoft Visual Studio Solution File, Format Version 12.00
# Visual Studio 14
VisualStudioVersion = 14.0.25123.0
MinimumVisualStudioVersion = 10.0.40219.1
Project("{FAE04EC0-301F-11D3-BF4B-00C04F79EFBC}") = "1.1 Hello World", "01.01 Beginning Programming\1.1 Hello World.csproj", "{4B7B9002-C61B-4C33-812D-3B37ECD1F8C6}"
EndProject
Project("{FAE04EC0-301F-11D3-BF4B-00C04F79EFBC}") = "1.2 Basic Math", "1.2 Basic Math\1.2 Basic Math.csproj", "{329314A7-A983-4E43-ACFB-A3AC33088533}"
EndProject
Project("{FAE04EC0-301F-11D3-BF4B-00C04F79EFBC}") = "1.3 Basic Strings", "1.3 Basic Strings\1.3 Basic Strings.csproj", "{B8ED2742-2EDA-4F32-A525-049809044F0B}"
EndProject
Project("{FAE04EC0-301F-11D3-BF4B-00C04F79EFBC}") = "2.1 Variables", "2.1 Variables\2.1 Variables.csproj", "{D182DC92-A828-4364-A01F-745048CA149A}"
EndProject
Project("{FAE04EC0-301F-11D3-BF4B-00C04F79EFBC}") = "3.1 If Then Else", "3.1 If Then Else\3.1 If Then Else.csproj", "{B47D246A-2702-4110-B215-74D1153EE302}"
EndProject
Project("{FAE04EC0-301F-11D3-BF4B-00C04F79EFBC}") = "3.2 Scope", "3.2 Scope\3.2 Scope.csproj", "{CB31CB72-9EE3-4C34-9A84-6CF1860D2E00}"
EndProject
Project("{FAE04EC0-301F-11D3-BF4B-00C04F79EFBC}") = "3.3 If ElseIf Else", "3.3 If ElseIf Else\3.3 If ElseIf Else.csproj", "{496CB4A1-2964-46AB-809C-2E274AAF3211}"
EndProject
Project("{FAE04EC0-301F-11D3-BF4B-00C04F79EFBC}") = "4.1 Loops", "4.1 Loops\4.1 Loops.csproj", "{CB859468-D916-4EF2-864B-8F64C66D0DD6}"
EndProject
Project("{FAE04EC0-301F-11D3-BF4B-00C04F79EFBC}") = "4.2 For Loops", "4.2 For Loops\4.2 For Loops.csproj", "{1452D373-FAE4-499B-A0AA-249FE68B747C}"
EndProject
Project("{FAE04EC0-301F-11D3-BF4B-00C04F79EFBC}") = "5.1 Arrays", "5.1 Arrays\5.1 Arrays.csproj", "{0EE19748-2015-4B2F-8BC2-1876D7D1F640}"
EndProject
Project("{FAE04EC0-301F-11D3-BF4B-00C04F79EFBC}") = "6.1 Functions", "6.1 Functions\6.1 Functions.csproj", "{76349721-2FF6-4F59-A20E-A3328E32246F}"
EndProject
Project("{FAE04EC0-301F-11D3-BF4B-00C04F79EFBC}") = "7.1 Classes", "7.1 Classes\7.1 Classes.csproj", "{6C7D9C10-9C44-43A5-B2A7-F0D42B0EB3DE}"
EndProject
Global
	GlobalSection(SolutionConfigurationPlatforms) = preSolution
		Debug|Any CPU = Debug|Any CPU
		Release|Any CPU = Release|Any CPU
	EndGlobalSection
	GlobalSection(ProjectConfigurationPlatforms) = postSolution
		{4B7B9002-C61B-4C33-812D-3B37ECD1F8C6}.Debug|Any CPU.ActiveCfg = Debug|Any CPU
		{4B7B9002-C61B-4C33-812D-3B37ECD1F8C6}.Debug|Any CPU.Build.0 = Debug|Any CPU
		{4B7B9002-C61B-4C33-812D-3B37ECD1F8C6}.Release|Any CPU.ActiveCfg = Release|Any CPU
		{4B7B9002-C61B-4C33-812D-3B37ECD1F8C6}.Release|Any CPU.Build.0 = Release|Any CPU
		{329314A7-A983-4E43-ACFB-A3AC33088533}.Debug|Any CPU.ActiveCfg = Debug|Any CPU
		{329314A7-A983-4E43-ACFB-A3AC33088533}.Debug|Any CPU.Build.0 = Debug|Any CPU
		{329314A7-A983-4E43-ACFB-A3AC33088533}.Release|Any CPU.ActiveCfg = Release|Any CPU
		{329314A7-A983-4E43-ACFB-A3AC33088533}.Release|Any CPU.Build.0 = Release|Any CPU
		{B8ED2742-2EDA-4F32-A525-049809044F0B}.Debug|Any CPU.ActiveCfg = Debug|Any CPU
		{B8ED2742-2EDA-4F32-A525-049809044F0B}.Debug|Any CPU.Build.0 = Debug|Any CPU
		{B8ED2742-2EDA-4F32-A525-049809044F0B}.Release|Any CPU.ActiveCfg = Release|Any CPU
		{B8ED2742-2EDA-4F32-A525-049809044F0B}.Release|Any CPU.Build.0 = Release|Any CPU
		{D182DC92-A828-4364-A01F-745048CA149A}.Debug|Any CPU.ActiveCfg = Debug|Any CPU
		{D182DC92-A828-4364-A01F-745048CA149A}.Debug|Any CPU.Build.0 = Debug|Any CPU
		{D182DC92-A828-4364-A01F-745048CA149A}.Release|Any CPU.ActiveCfg = Release|Any CPU
		{D182DC92-A828-4364-A01F-745048CA149A}.Release|Any CPU.Build.0 = Release|Any CPU
		{B47D246A-2702-4110-B215-74D1153EE302}.Debug|Any CPU.ActiveCfg = Debug|Any CPU
		{B47D246A-2702-4110-B215-74D1153EE302}.Debug|Any CPU.Build.0 = Debug|Any CPU
		{B47D246A-2702-4110-B215-74D1153EE302}.Release|Any CPU.ActiveCfg = Release|Any CPU
		{B47D246A-2702-4110-B215-74D1153EE302}.Release|Any CPU.Build.0 = Release|Any CPU
		{CB31CB72-9EE3-4C34-9A84-6CF1860D2E00}.Debug|Any CPU.ActiveCfg = Debug|Any CPU
		{CB31CB72-9EE3-4C34-9A84-6CF1860D2E00}.Debug|Any CPU.Build.0 = Debug|Any CPU
		{CB31CB72-9EE3-4C34-9A84-6CF1860D2E00}.Release|Any CPU.ActiveCfg = Release|Any CPU
		{CB31CB72-9EE3-4C34-9A84-6CF1860D2E00}.Release|Any CPU.Build.0 = Release|Any CPU
		{496CB4A1-2964-46AB-809C-2E274AAF3211}.Debug|Any CPU.ActiveCfg = Debug|Any CPU
		{496CB4A1-2964-46AB-809C-2E274AAF3211}.Debug|Any CPU.Build.0 = Debug|Any CPU
		{496CB4A1-2964-46AB-809C-2E274AAF3211}.Release|Any CPU.ActiveCfg = Release|Any CPU
		{496CB4A1-2964-46AB-809C-2E274AAF3211}.Release|Any CPU.Build.0 = Release|Any CPU
		{CB859468-D916-4EF2-864B-8F64C66D0DD6}.Debug|Any CPU.ActiveCfg = Debug|Any CPU
		{CB859468-D916-4EF2-864B-8F64C66D0DD6}.Debug|Any CPU.Build.0 = Debug|Any CPU
		{CB859468-D916-4EF2-864B-8F64C66D0DD6}.Release|Any CPU.ActiveCfg = Release|Any CPU
		{CB859468-D916-4EF2-864B-8F64C66D0DD6}.Release|Any CPU.Build.0 = Release|Any CPU
		{1452D373-FAE4-499B-A0AA-249FE68B747C}.Debug|Any CPU.ActiveCfg = Debug|Any CPU
		{1452D373-FAE4-499B-A0AA-249FE68B747C}.Debug|Any CPU.Build.0 = Debug|Any CPU
		{1452D373-FAE4-499B-A0AA-249FE68B747C}.Release|Any CPU.ActiveCfg = Release|Any CPU
		{1452D373-FAE4-499B-A0AA-249FE68B747C}.Release|Any CPU.Build.0 = Release|Any CPU
		{0EE19748-2015-4B2F-8BC2-1876D7D1F640}.Debug|Any CPU.ActiveCfg = Debug|Any CPU
		{0EE19748-2015-4B2F-8BC2-1876D7D1F640}.Debug|Any CPU.Build.0 = Debug|Any CPU
		{0EE19748-2015-4B2F-8BC2-1876D7D1F640}.Release|Any CPU.ActiveCfg = Release|Any CPU
		{0EE19748-2015-4B2F-8BC2-1876D7D1F640}.Release|Any CPU.Build.0 = Release|Any CPU
		{76349721-2FF6-4F59-A20E-A3328E32246F}.Debug|Any CPU.ActiveCfg = Debug|Any CPU
		{76349721-2FF6-4F59-A20E-A3328E32246F}.Debug|Any CPU.Build.0 = Debug|Any CPU
		{76349721-2FF6-4F59-A20E-A3328E32246F}.Release|Any CPU.ActiveCfg = Release|Any CPU
		{76349721-2FF6-4F59-A20E-A3328E32246F}.Release|Any CPU.Build.0 = Release|Any CPU
		{6C7D9C10-9C44-43A5-B2A7-F0D42B0EB3DE}.Debug|Any CPU.ActiveCfg = Debug|Any CPU
		{6C7D9C10-9C44-43A5-B2A7-F0D42B0EB3DE}.Debug|Any CPU.Build.0 = Debug|Any CPU
		{6C7D9C10-9C44-43A5-B2A7-F0D42B0EB3DE}.Release|Any CPU.ActiveCfg = Release|Any CPU
		{6C7D9C10-9C44-43A5-B2A7-F0D42B0EB3DE}.Release|Any CPU.Build.0 = Release|Any CPU
	EndGlobalSection
	GlobalSection(SolutionProperties) = preSolution
		HideSolutionNode = FALSE
	EndGlobalSection
EndGlobal
